// !$*UTF8*$!
{
	archiveVersion = 1;
	classes = {
	};
	objectVersion = 77;
	objects = {

/* Begin PBXBuildFile section */
		63174A9D2EF489F3000BDD5E /* NotificationService.appex in Embed Foundation Extensions */ = {isa = PBXBuildFile; fileRef = 63174A962EF489F3000BDD5E /* NotificationService.appex */; settings = {ATTRIBUTES = (RemoveHeadersOnCopy, ); }; };
		63174AEF2EF48A98000BDD5E /* ZMTemplate.xcconfig in Resources */ = {isa = PBXBuildFile; fileRef = 63174AEE2EF48A98000BDD5E /* ZMTemplate.xcconfig */; };
		63174AF02EF48A98000BDD5E /* ZMTemplate.xcconfig in Resources */ = {isa = PBXBuildFile; fileRef = 63174AEE2EF48A98000BDD5E /* ZMTemplate.xcconfig */; };
		FAD891A52EEBAA9E004DCA0E /* FirebaseCore in Frameworks */ = {isa = PBXBuildFile; productRef = FAD891A42EEBAA9E004DCA0E /* FirebaseCore */; };
		FAD891A72EEBAA9E004DCA0E /* FirebaseDatabase in Frameworks */ = {isa = PBXBuildFile; productRef = FAD891A62EEBAA9E004DCA0E /* FirebaseDatabase */; };
		FAD891A92EEBAA9E004DCA0E /* FirebaseInstallations in Frameworks */ = {isa = PBXBuildFile; productRef = FAD891A82EEBAA9E004DCA0E /* FirebaseInstallations */; };
		FAD891AB2EEBAA9E004DCA0E /* FirebaseMessaging in Frameworks */ = {isa = PBXBuildFile; productRef = FAD891AA2EEBAA9E004DCA0E /* FirebaseMessaging */; };
		FAD891AE2EEBABB9004DCA0E /* AppsFlyerLib in Frameworks */ = {isa = PBXBuildFile; productRef = FAD891AD2EEBABB9004DCA0E /* AppsFlyerLib */; };
		FAD892212EEBB670004DCA0E /* AppInfo.plist in Resources */ = {isa = PBXBuildFile; fileRef = FAD8921D2EEBB670004DCA0E /* AppInfo.plist */; };
		FAEA63502EF261410033A6AD /* GoogleService-Info.plist in Resources */ = {isa = PBXBuildFile; fileRef = FAEA634F2EF261410033A6AD /* GoogleService-Info.plist */; };
/* End PBXBuildFile section */

/* Begin PBXContainerItemProxy section */
		63174A9B2EF489F3000BDD5E /* PBXContainerItemProxy */ = {
			isa = PBXContainerItemProxy;
			containerPortal = FAD8917E2EEB9B54004DCA0E /* Project object */;
			proxyType = 1;
			remoteGlobalIDString = 63174A952EF489F3000BDD5E;
			remoteInfo = NotificationService;
		};
/* End PBXContainerItemProxy section */

/* Begin PBXCopyFilesBuildPhase section */
		63174A682EF48992000BDD5E /* Embed Foundation Extensions */ = {
			isa = PBXCopyFilesBuildPhase;
			buildActionMask = 2147483647;
			dstPath = "";
			dstSubfolderSpec = 13;
			files = (
				63174A9D2EF489F3000BDD5E /* NotificationService.appex in Embed Foundation Extensions */,
			);
			name = "Embed Foundation Extensions";
			runOnlyForDeploymentPostprocessing = 0;
		};
/* End PBXCopyFilesBuildPhase section */

/* Begin PBXFileReference section */
		63174A962EF489F3000BDD5E /* NotificationService.appex */ = {isa = PBXFileReference; explicitFileType = "wrapper.app-extension"; includeInIndex = 0; path = NotificationService.appex; sourceTree = BUILT_PRODUCTS_DIR; };
		63174AEE2EF48A98000BDD5E /* ZMTemplate.xcconfig */ = {isa = PBXFileReference; lastKnownFileType = text.xcconfig; path = ZMTemplate.xcconfig; sourceTree = "<group>"; };
		FAD891862EEB9B54004DCA0E /* ZMTemplate.app */ = {isa = PBXFileReference; explicitFileType = wrapper.application; includeInIndex = 0; path = ZMTemplate.app; sourceTree = BUILT_PRODUCTS_DIR; };
		FAD8921D2EEBB670004DCA0E /* AppInfo.plist */ = {isa = PBXFileReference; lastKnownFileType = text.plist.xml; path = AppInfo.plist; sourceTree = "<group>"; };
		FAEA634F2EF261410033A6AD /* GoogleService-Info.plist */ = {isa = PBXFileReference; lastKnownFileType = text.plist.xml; path = "GoogleService-Info.plist"; sourceTree = "<group>"; };
/* End PBXFileReference section */

/* Begin PBXFileSystemSynchronizedRootGroup section */
		63174A972EF489F3000BDD5E /* NotificationService */ = {
			isa = PBXFileSystemSynchronizedRootGroup;
			path = NotificationService;
			sourceTree = "<group>";
		};
		FAD891882EEB9B54004DCA0E /* ZMTemplate */ = {
			isa = PBXFileSystemSynchronizedRootGroup;
			path = ZMTemplate;
			sourceTree = "<group>";
		};
/* End PBXFileSystemSynchronizedRootGroup section */

/* Begin PBXFrameworksBuildPhase section */
		63174A932EF489F3000BDD5E /* Frameworks */ = {
			isa = PBXFrameworksBuildPhase;
			buildActionMask = 2147483647;
			files = (
			);
			runOnlyForDeploymentPostprocessing = 0;
		};
		FAD891832EEB9B54004DCA0E /* Frameworks */ = {
			isa = PBXFrameworksBuildPhase;
			buildActionMask = 2147483647;
			files = (
				FAD891AB2EEBAA9E004DCA0E /* FirebaseMessaging in Frameworks */,
				FAD891AE2EEBABB9004DCA0E /* AppsFlyerLib in Frameworks */,
				FAD891A92EEBAA9E004DCA0E /* FirebaseInstallations in Frameworks */,
				FAD891A72EEBAA9E004DCA0E /* FirebaseDatabase in Frameworks */,
				FAD891A52EEBAA9E004DCA0E /* FirebaseCore in Frameworks */,
			);
			runOnlyForDeploymentPostprocessing = 0;
		};
/* End PBXFrameworksBuildPhase section */

/* Begin PBXGroup section */
		FAD8917D2EEB9B54004DCA0E = {
			isa = PBXGroup;
			children = (
				63174AEE2EF48A98000BDD5E /* ZMTemplate.xcconfig */,
				FAD8921F2EEBB670004DCA0E /* Config */,
				FAD891882EEB9B54004DCA0E /* ZMTemplate */,
				63174A972EF489F3000BDD5E /* NotificationService */,
				FAD891872EEB9B54004DCA0E /* Products */,
			);
			sourceTree = "<group>";
		};
		FAD891872EEB9B54004DCA0E /* Products */ = {
			isa = PBXGroup;
			children = (
				FAD891862EEB9B54004DCA0E /* ZMTemplate.app */,
				63174A962EF489F3000BDD5E /* NotificationService.appex */,
			);
			name = Products;
			sourceTree = "<group>";
		};
		FAD8921F2EEBB670004DCA0E /* Config */ = {
			isa = PBXGroup;
			children = (
				FAD8921D2EEBB670004DCA0E /* AppInfo.plist */,
				FAEA634F2EF261410033A6AD /* GoogleService-Info.plist */,
			);
			path = Config;
			sourceTree = "<group>";
		};
/* End PBXGroup section */

/* Begin PBXNativeTarget section */
		63174A952EF489F3000BDD5E /* NotificationService */ = {
			isa = PBXNativeTarget;
			buildConfigurationList = 63174A9F2EF489F3000BDD5E /* Build configuration list for PBXNativeTarget "NotificationService" */;
			buildPhases = (
				63174A922EF489F3000BDD5E /* Sources */,
				63174A932EF489F3000BDD5E /* Frameworks */,
				63174A942EF489F3000BDD5E /* Resources */,
			);
			buildRules = (
			);
			dependencies = (
			);
			fileSystemSynchronizedGroups = (
				63174A972EF489F3000BDD5E /* NotificationService */,
			);
			name = NotificationService;
			packageProductDependencies = (
			);
			productName = NotificationService;
			productReference = 63174A962EF489F3000BDD5E /* NotificationService.appex */;
			productType = "com.apple.product-type.app-extension";
		};
		FAD891852EEB9B54004DCA0E /* ZMTemplate */ = {
			isa = PBXNativeTarget;
			buildConfigurationList = FAD891912EEB9B56004DCA0E /* Build configuration list for PBXNativeTarget "ZMTemplate" */;
			buildPhases = (
				FAD891822EEB9B54004DCA0E /* Sources */,
				FAD891832EEB9B54004DCA0E /* Frameworks */,
				FAD891842EEB9B54004DCA0E /* Resources */,
				63174A682EF48992000BDD5E /* Embed Foundation Extensions */,
			);
			buildRules = (
			);
			dependencies = (
				63174A9C2EF489F3000BDD5E /* PBXTargetDependency */,
			);
			fileSystemSynchronizedGroups = (
				FAD891882EEB9B54004DCA0E /* ZMTemplate */,
			);
			name = ZMTemplate;
			packageProductDependencies = (
				FAD891A42EEBAA9E004DCA0E /* FirebaseCore */,
				FAD891A62EEBAA9E004DCA0E /* FirebaseDatabase */,
				FAD891A82EEBAA9E004DCA0E /* FirebaseInstallations */,
				FAD891AA2EEBAA9E004DCA0E /* FirebaseMessaging */,
				FAD891AD2EEBABB9004DCA0E /* AppsFlyerLib */,
			);
			productName = ZMTemplate;
			productReference = FAD891862EEB9B54004DCA0E /* ZMTemplate.app */;
			productType = "com.apple.product-type.application";
		};
/* End PBXNativeTarget section */

/* Begin PBXProject section */
		FAD8917E2EEB9B54004DCA0E /* Project object */ = {
			isa = PBXProject;
			attributes = {
				BuildIndependentTargetsInParallel = 1;
				LastSwiftUpdateCheck = 1620;
				LastUpgradeCheck = 2610;
				TargetAttributes = {
					63174A952EF489F3000BDD5E = {
						CreatedOnToolsVersion = 16.2;
					};
					FAD891852EEB9B54004DCA0E = {
						CreatedOnToolsVersion = 26.1.1;
					};
				};
			};
			buildConfigurationList = FAD891812EEB9B54004DCA0E /* Build configuration list for PBXProject "ZMTemplate" */;
			developmentRegion = en;
			hasScannedForEncodings = 0;
			knownRegions = (
				en,
				Base,
			);
			mainGroup = FAD8917D2EEB9B54004DCA0E;
			minimizedProjectReferenceProxies = 1;
			packageReferences = (
				FAD891A32EEBAA9E004DCA0E /* XCRemoteSwiftPackageReference "firebase-ios-sdk" */,
				FAD891AC2EEBABB9004DCA0E /* XCRemoteSwiftPackageReference "AppsFlyerFramework" */,
			);
			preferredProjectObjectVersion = 77;
			productRefGroup = FAD891872EEB9B54004DCA0E /* Products */;
			projectDirPath = "";
			projectRoot = "";
			targets = (
				FAD891852EEB9B54004DCA0E /* ZMTemplate */,
				63174A952EF489F3000BDD5E /* NotificationService */,
			);
		};
/* End PBXProject section */

/* Begin PBXResourcesBuildPhase section */
		63174A942EF489F3000BDD5E /* Resources */ = {
			isa = PBXResourcesBuildPhase;
			buildActionMask = 2147483647;
			files = (
				63174AF02EF48A98000BDD5E /* ZMTemplate.xcconfig in Resources */,
			);
			runOnlyForDeploymentPostprocessing = 0;
		};
		FAD891842EEB9B54004DCA0E /* Resources */ = {
			isa = PBXResourcesBuildPhase;
			buildActionMask = 2147483647;
			files = (
				FAD892212EEBB670004DCA0E /* AppInfo.plist in Resources */,
				63174AEF2EF48A98000BDD5E /* ZMTemplate.xcconfig in Resources */,
				FAEA63502EF261410033A6AD /* GoogleService-Info.plist in Resources */,
			);
			runOnlyForDeploymentPostprocessing = 0;
		};
/* End PBXResourcesBuildPhase section */

/* Begin PBXSourcesBuildPhase section */
		63174A922EF489F3000BDD5E /* Sources */ = {
			isa = PBXSourcesBuildPhase;
			buildActionMask = 2147483647;
			files = (
			);
			runOnlyForDeploymentPostprocessing = 0;
		};
		FAD891822EEB9B54004DCA0E /* Sources */ = {
			isa = PBXSourcesBuildPhase;
			buildActionMask = 2147483647;
			files = (
			);
			runOnlyForDeploymentPostprocessing = 0;
		};
/* End PBXSourcesBuildPhase section */

/* Begin PBXTargetDependency section */
		63174A9C2EF489F3000BDD5E /* PBXTargetDependency */ = {
			isa = PBXTargetDependency;
			target = 63174A952EF489F3000BDD5E /* NotificationService */;
			targetProxy = 63174A9B2EF489F3000BDD5E /* PBXContainerItemProxy */;
		};
/* End PBXTargetDependency section */

/* Begin XCBuildConfiguration section */
		63174AA02EF489F3000BDD5E /* Debug */ = {
			isa = XCBuildConfiguration;
			buildSettings = {
				CODE_SIGN_STYLE = Automatic;
				CURRENT_PROJECT_VERSION = 1;
				DEVELOPMENT_TEAM = "";
				GENERATE_INFOPLIST_FILE = YES;
				INFOPLIST_FILE = NotificationService/Info.plist;
				INFOPLIST_KEY_CFBundleDisplayName = NotificationService;
				INFOPLIST_KEY_NSHumanReadableCopyright = "";
				IPHONEOS_DEPLOYMENT_TARGET = 18.2;
				LD_RUNPATH_SEARCH_PATHS = (
					"$(inherited)",
					"@executable_path/Frameworks",
					"@executable_path/../../Frameworks",
				);
				MARKETING_VERSION = 1.0;
				PRODUCT_BUNDLE_IDENTIFIER = com.emeraldcharge.play.NotificationService;
				PRODUCT_NAME = "$(TARGET_NAME)";
				SKIP_INSTALL = YES;
				SWIFT_EMIT_LOC_STRINGS = YES;
				SWIFT_VERSION = 5.0;
				TARGETED_DEVICE_FAMILY = "1,2";
			};
			name = Debug;
		};
		63174AA12EF489F3000BDD5E /* Release */ = {
			isa = XCBuildConfiguration;
			buildSettings = {
				CODE_SIGN_STYLE = Automatic;
				CURRENT_PROJECT_VERSION = 1;
				DEVELOPMENT_TEAM = "";
				GENERATE_INFOPLIST_FILE = YES;
				INFOPLIST_FILE = NotificationService/Info.plist;
				INFOPLIST_KEY_CFBundleDisplayName = NotificationService;
				INFOPLIST_KEY_NSHumanReadableCopyright = "";
				IPHONEOS_DEPLOYMENT_TARGET = 18.2;
				LD_RUNPATH_SEARCH_PATHS = (
					"$(inherited)",
					"@executable_path/Frameworks",
					"@executable_path/../../Frameworks",
				);
				MARKETING_VERSION = 1.0;
				PRODUCT_BUNDLE_IDENTIFIER = com.emeraldcharge.play.NotificationService;
				PRODUCT_NAME = "$(TARGET_NAME)";
				SKIP_INSTALL = YES;
				SWIFT_EMIT_LOC_STRINGS = YES;
				SWIFT_VERSION = 5.0;
				TARGETED_DEVICE_FAMILY = "1,2";
			};
			name = Release;
		};
		FAD8918F2EEB9B56004DCA0E /* Debug */ = {
			isa = XCBuildConfiguration;
			buildSettings = {
				ALWAYS_SEARCH_USER_PATHS = NO;
				ASSETCATALOG_COMPILER_GENERATE_SWIFT_ASSET_SYMBOL_EXTENSIONS = YES;
				CLANG_ANALYZER_NONNULL = YES;
				CLANG_ANALYZER_NUMBER_OBJECT_CONVERSION = YES_AGGRESSIVE;
				CLANG_CXX_LANGUAGE_STANDARD = "gnu++20";
				CLANG_ENABLE_MODULES = YES;
				CLANG_ENABLE_OBJC_ARC = YES;
				CLANG_ENABLE_OBJC_WEAK = YES;
				CLANG_WARN_BLOCK_CAPTURE_AUTORELEASING = YES;
				CLANG_WARN_BOOL_CONVERSION = YES;
				CLANG_WARN_COMMA = YES;
				CLANG_WARN_CONSTANT_CONVERSION = YES;
				CLANG_WARN_DEPRECATED_OBJC_IMPLEMENTATIONS = YES;
				CLANG_WARN_DIRECT_OBJC_ISA_USAGE = YES_ERROR;
				CLANG_WARN_DOCUMENTATION_COMMENTS = YES;
				CLANG_WARN_EMPTY_BODY = YES;
				CLANG_WARN_ENUM_CONVERSION = YES;
				CLANG_WARN_INFINITE_RECURSION = YES;
				CLANG_WARN_INT_CONVERSION = YES;
				CLANG_WARN_NON_LITERAL_NULL_CONVERSION = YES;
				CLANG_WARN_OBJC_IMPLICIT_RETAIN_SELF = YES;
				CLANG_WARN_OBJC_LITERAL_CONVERSION = YES;
				CLANG_WARN_OBJC_ROOT_CLASS = YES_ERROR;
				CLANG_WARN_QUOTED_INCLUDE_IN_FRAMEWORK_HEADER = YES;
				CLANG_WARN_RANGE_LOOP_ANALYSIS = YES;
				CLANG_WARN_STRICT_PROTOTYPES = YES;
				CLANG_WARN_SUSPICIOUS_MOVE = YES;
				CLANG_WARN_UNGUARDED_AVAILABILITY = YES_AGGRESSIVE;
				CLANG_WARN_UNREACHABLE_CODE = YES;
				CLANG_WARN__DUPLICATE_METHOD_MATCH = YES;
				COPY_PHASE_STRIP = NO;
				DEBUG_INFORMATION_FORMAT = dwarf;
				ENABLE_STRICT_OBJC_MSGSEND = YES;
				ENABLE_TESTABILITY = YES;
				ENABLE_USER_SCRIPT_SANDBOXING = YES;
				GCC_C_LANGUAGE_STANDARD = gnu17;
				GCC_DYNAMIC_NO_PIC = NO;
				GCC_NO_COMMON_BLOCKS = YES;
				GCC_OPTIMIZATION_LEVEL = 0;
				GCC_PREPROCESSOR_DEFINITIONS = (
					"DEBUG=1",
					"$(inherited)",
				);
				GCC_WARN_64_TO_32_BIT_CONVERSION = YES;
				GCC_WARN_ABOUT_RETURN_TYPE = YES_ERROR;
				GCC_WARN_UNDECLARED_SELECTOR = YES;
				GCC_WARN_UNINITIALIZED_AUTOS = YES_AGGRESSIVE;
				GCC_WARN_UNUSED_FUNCTION = YES;
				GCC_WARN_UNUSED_VARIABLE = YES;
				IPHONEOS_DEPLOYMENT_TARGET = 26.1;
				LOCALIZATION_PREFERS_STRING_CATALOGS = YES;
				MTL_ENABLE_DEBUG_INFO = INCLUDE_SOURCE;
				MTL_FAST_MATH = YES;
				ONLY_ACTIVE_ARCH = YES;
				SDKROOT = iphoneos;
				SWIFT_ACTIVE_COMPILATION_CONDITIONS = "DEBUG $(inherited)";
				SWIFT_OPTIMIZATION_LEVEL = "-Onone";
			};
			name = Debug;
		};
		FAD891902EEB9B56004DCA0E /* Release */ = {
			isa = XCBuildConfiguration;
			buildSettings = {
				ALWAYS_SEARCH_USER_PATHS = NO;
				ASSETCATALOG_COMPILER_GENERATE_SWIFT_ASSET_SYMBOL_EXTENSIONS = YES;
				CLANG_ANALYZER_NONNULL = YES;
				CLANG_ANALYZER_NUMBER_OBJECT_CONVERSION = YES_AGGRESSIVE;
				CLANG_CXX_LANGUAGE_STANDARD = "gnu++20";
				CLANG_ENABLE_MODULES = YES;
				CLANG_ENABLE_OBJC_ARC = YES;
				CLANG_ENABLE_OBJC_WEAK = YES;
				CLANG_WARN_BLOCK_CAPTURE_AUTORELEASING = YES;
				CLANG_WARN_BOOL_CONVERSION = YES;
				CLANG_WARN_COMMA = YES;
				CLANG_WARN_CONSTANT_CONVERSION = YES;
				CLANG_WARN_DEPRECATED_OBJC_IMPLEMENTATIONS = YES;
				CLANG_WARN_DIRECT_OBJC_ISA_USAGE = YES_ERROR;
				CLANG_WARN_DOCUMENTATION_COMMENTS = YES;
				CLANG_WARN_EMPTY_BODY = YES;
				CLANG_WARN_ENUM_CONVERSION = YES;
				CLANG_WARN_INFINITE_RECURSION = YES;
				CLANG_WARN_INT_CONVERSION = YES;
				CLANG_WARN_NON_LITERAL_NULL_CONVERSION = YES;
				CLANG_WARN_OBJC_IMPLICIT_RETAIN_SELF = YES;
				CLANG_WARN_OBJC_LITERAL_CONVERSION = YES;
				CLANG_WARN_OBJC_ROOT_CLASS = YES_ERROR;
				CLANG_WARN_QUOTED_INCLUDE_IN_FRAMEWORK_HEADER = YES;
				CLANG_WARN_RANGE_LOOP_ANALYSIS = YES;
				CLANG_WARN_STRICT_PROTOTYPES = YES;
				CLANG_WARN_SUSPICIOUS_MOVE = YES;
				CLANG_WARN_UNGUARDED_AVAILABILITY = YES_AGGRESSIVE;
				CLANG_WARN_UNREACHABLE_CODE = YES;
				CLANG_WARN__DUPLICATE_METHOD_MATCH = YES;
				COPY_PHASE_STRIP = NO;
				DEBUG_INFORMATION_FORMAT = "dwarf-with-dsym";
				ENABLE_NS_ASSERTIONS = NO;
				ENABLE_STRICT_OBJC_MSGSEND = YES;
				ENABLE_USER_SCRIPT_SANDBOXING = YES;
				GCC_C_LANGUAGE_STANDARD = gnu17;
				GCC_NO_COMMON_BLOCKS = YES;
				GCC_WARN_64_TO_32_BIT_CONVERSION = YES;
				GCC_WARN_ABOUT_RETURN_TYPE = YES_ERROR;
				GCC_WARN_UNDECLARED_SELECTOR = YES;
				GCC_WARN_UNINITIALIZED_AUTOS = YES_AGGRESSIVE;
				GCC_WARN_UNUSED_FUNCTION = YES;
				GCC_WARN_UNUSED_VARIABLE = YES;
				IPHONEOS_DEPLOYMENT_TARGET = 26.1;
				LOCALIZATION_PREFERS_STRING_CATALOGS = YES;
				MTL_ENABLE_DEBUG_INFO = NO;
				MTL_FAST_MATH = YES;
				SDKROOT = iphoneos;
				SWIFT_COMPILATION_MODE = wholemodule;
				VALIDATE_PRODUCT = YES;
			};
			name = Release;
		};
		FAD891922EEB9B56004DCA0E /* Debug */ = {
			isa = XCBuildConfiguration;
			buildSettings = {
				ASSETCATALOG_COMPILER_APPICON_NAME = AppIcon;
				ASSETCATALOG_COMPILER_GLOBAL_ACCENT_COLOR_NAME = AccentColor;
				CODE_SIGN_ENTITLEMENTS = ZMTemplate/ZMTemplate.entitlements;
				CODE_SIGN_STYLE = Automatic;
				CURRENT_PROJECT_VERSION = 1;
				DEVELOPMENT_TEAM = "";
				ENABLE_PREVIEWS = YES;
				GENERATE_INFOPLIST_FILE = NO;
				INFOPLIST_FILE = Config/AppInfo.plist;
				INFOPLIST_KEY_CFBundleDisplayName = "Emerald Charge";
				INFOPLIST_KEY_UIApplicationSceneManifest_Generation = YES;
				INFOPLIST_KEY_UIApplicationSupportsIndirectInputEvents = YES;
				INFOPLIST_KEY_UILaunchScreen_Generation = YES;
				INFOPLIST_KEY_UISupportedInterfaceOrientations_iPad = "UIInterfaceOrientationPortrait UIInterfaceOrientationPortraitUpsideDown UIInterfaceOrientationLandscapeLeft UIInterfaceOrientationLandscapeRight";
				INFOPLIST_KEY_UISupportedInterfaceOrientations_iPhone = "UIInterfaceOrientationPortrait UIInterfaceOrientationLandscapeLeft UIInterfaceOrientationLandscapeRight";
				IPHONEOS_DEPLOYMENT_TARGET = 17.0;
				LD_RUNPATH_SEARCH_PATHS = (
					"$(inherited)",
					"@executable_path/Frameworks",
				);
				MARKETING_VERSION = 1.2;
				PRODUCT_BUNDLE_IDENTIFIER = com.emeraldcharge.play;
				PRODUCT_NAME = "$(TARGET_NAME)";
				STRING_CATALOG_GENERATE_SYMBOLS = YES;
				SUPPORTED_PLATFORMS = "iphoneos iphonesimulator";
				SUPPORTS_MACCATALYST = NO;
				SUPPORTS_MAC_DESIGNED_FOR_IPHONE_IPAD = NO;
				SUPPORTS_XR_DESIGNED_FOR_IPHONE_IPAD = NO;
				SWIFT_APPROACHABLE_CONCURRENCY = YES;
				SWIFT_DEFAULT_ACTOR_ISOLATION = MainActor;
				SWIFT_EMIT_LOC_STRINGS = YES;
				SWIFT_UPCOMING_FEATURE_MEMBER_IMPORT_VISIBILITY = YES;
				SWIFT_VERSION = 5.0;
				TARGETED_DEVICE_FAMILY = 1;
			};
			name = Debug;
		};
		FAD891932EEB9B56004DCA0E /* Release */ = {
			isa = XCBuildConfiguration;
			buildSettings = {
				ASSETCATALOG_COMPILER_APPICON_NAME = AppIcon;
				ASSETCATALOG_COMPILER_GLOBAL_ACCENT_COLOR_NAME = AccentColor;
				CODE_SIGN_ENTITLEMENTS = ZMTemplate/ZMTemplate.entitlements;
				CODE_SIGN_STYLE = Automatic;
				CURRENT_PROJECT_VERSION = 1;
				DEVELOPMENT_TEAM = "";
				ENABLE_PREVIEWS = YES;
				GENERATE_INFOPLIST_FILE = NO;
				INFOPLIST_FILE = Config/AppInfo.plist;
				INFOPLIST_KEY_CFBundleDisplayName = "Emerald Charge";
				INFOPLIST_KEY_UIApplicationSceneManifest_Generation = YES;
				INFOPLIST_KEY_UIApplicationSupportsIndirectInputEvents = YES;
				INFOPLIST_KEY_UILaunchScreen_Generation = YES;
				INFOPLIST_KEY_UISupportedInterfaceOrientations_iPad = "UIInterfaceOrientationPortrait UIInterfaceOrientationPortraitUpsideDown UIInterfaceOrientationLandscapeLeft UIInterfaceOrientationLandscapeRight";
				INFOPLIST_KEY_UISupportedInterfaceOrientations_iPhone = "UIInterfaceOrientationPortrait UIInterfaceOrientationLandscapeLeft UIInterfaceOrientationLandscapeRight";
				IPHONEOS_DEPLOYMENT_TARGET = 17.0;
				LD_RUNPATH_SEARCH_PATHS = (
					"$(inherited)",
					"@executable_path/Frameworks",
				);
				MARKETING_VERSION = 1.2;
				PRODUCT_BUNDLE_IDENTIFIER = com.emeraldcharge.play;
				PRODUCT_NAME = "$(TARGET_NAME)";
				STRING_CATALOG_GENERATE_SYMBOLS = YES;
				SUPPORTED_PLATFORMS = "iphoneos iphonesimulator";
				SUPPORTS_MACCATALYST = NO;
				SUPPORTS_MAC_DESIGNED_FOR_IPHONE_IPAD = NO;
				SUPPORTS_XR_DESIGNED_FOR_IPHONE_IPAD = NO;
				SWIFT_APPROACHABLE_CONCURRENCY = YES;
				SWIFT_DEFAULT_ACTOR_ISOLATION = MainActor;
				SWIFT_EMIT_LOC_STRINGS = YES;
				SWIFT_UPCOMING_FEATURE_MEMBER_IMPORT_VISIBILITY = YES;
				SWIFT_VERSION = 5.0;
				TARGETED_DEVICE_FAMILY = 1;
			};
			name = Release;
		};
/* End XCBuildConfiguration section */

/* Begin XCConfigurationList section */
		63174A9F2EF489F3000BDD5E /* Build configuration list for PBXNativeTarget "NotificationService" */ = {
			isa = XCConfigurationList;
			buildConfigurations = (
				63174AA02EF489F3000BDD5E /* Debug */,
				63174AA12EF489F3000BDD5E /* Release */,
			);
			defaultConfigurationIsVisible = 0;
			defaultConfigurationName = Release;
		};
		FAD891812EEB9B54004DCA0E /* Build configuration list for PBXProject "ZMTemplate" */ = {
			isa = XCConfigurationList;
			buildConfigurations = (
				FAD8918F2EEB9B56004DCA0E /* Debug */,
				FAD891902EEB9B56004DCA0E /* Release */,
			);
			defaultConfigurationIsVisible = 0;
			defaultConfigurationName = Release;
		};
		FAD891912EEB9B56004DCA0E /* Build configuration list for PBXNativeTarget "ZMTemplate" */ = {
			isa = XCConfigurationList;
			buildConfigurations = (
				FAD891922EEB9B56004DCA0E /* Debug */,
				FAD891932EEB9B56004DCA0E /* Release */,
			);
			defaultConfigurationIsVisible = 0;
			defaultConfigurationName = Release;
		};
/* End XCConfigurationList section */

/* Begin XCRemoteSwiftPackageReference section */
		FAD891A32EEBAA9E004DCA0E /* XCRemoteSwiftPackageReference "firebase-ios-sdk" */ = {
			isa = XCRemoteSwiftPackageReference;
			repositoryURL = "https://github.com/firebase/firebase-ios-sdk.git";
			requirement = {
				kind = upToNextMajorVersion;
				minimumVersion = 12.7.0;
			};
		};
		FAD891AC2EEBABB9004DCA0E /* XCRemoteSwiftPackageReference "AppsFlyerFramework" */ = {
			isa = XCRemoteSwiftPackageReference;
			repositoryURL = "https://github.com/AppsFlyerSDK/AppsFlyerFramework.git";
			requirement = {
				kind = upToNextMajorVersion;
				minimumVersion = 6.17.8;
			};
		};
/* End XCRemoteSwiftPackageReference section */

/* Begin XCSwiftPackageProductDependency section */
		FAD891A42EEBAA9E004DCA0E /* FirebaseCore */ = {
			isa = XCSwiftPackageProductDependency;
			package = FAD891A32EEBAA9E004DCA0E /* XCRemoteSwiftPackageReference "firebase-ios-sdk" */;
			productName = FirebaseCore;
		};
		FAD891A62EEBAA9E004DCA0E /* FirebaseDatabase */ = {
			isa = XCSwiftPackageProductDependency;
			package = FAD891A32EEBAA9E004DCA0E /* XCRemoteSwiftPackageReference "firebase-ios-sdk" */;
			productName = FirebaseDatabase;
		};
		FAD891A82EEBAA9E004DCA0E /* FirebaseInstallations */ = {
			isa = XCSwiftPackageProductDependency;
			package = FAD891A32EEBAA9E004DCA0E /* XCRemoteSwiftPackageReference "firebase-ios-sdk" */;
			productName = FirebaseInstallations;
		};
		FAD891AA2EEBAA9E004DCA0E /* FirebaseMessaging */ = {
			isa = XCSwiftPackageProductDependency;
			package = FAD891A32EEBAA9E004DCA0E /* XCRemoteSwiftPackageReference "firebase-ios-sdk" */;
			productName = FirebaseMessaging;
		};
		FAD891AD2EEBABB9004DCA0E /* AppsFlyerLib */ = {
			isa = XCSwiftPackageProductDependency;
			package = FAD891AC2EEBABB9004DCA0E /* XCRemoteSwiftPackageReference "AppsFlyerFramework" */;
			productName = AppsFlyerLib;
		};
/* End XCSwiftPackageProductDependency section */
	};
	rootObject = FAD8917E2EEB9B54004DCA0E /* Project object */;
}
